
Microsoft Visual Studio Solution File, Format Version 12.00
# Visual Studio Version 17
VisualStudioVersion = 17.7.34202.233
MinimumVisualStudioVersion = 10.0.40219.1
Project("{FAE04EC0-301F-11D3-BF4B-00C04F79EFBC}") = "Server", "Server\Server.csproj", "{B9FB4048-2753-4A4E-A4E5-EEF6F0289FB3}"
EndProject
Project("{FAE04EC0-301F-11D3-BF4B-00C04F79EFBC}") = "Client", "Client\Client.csproj", "{51158A09-A669-4282-990C-E50B3BC05AB4}"
EndProject
Global
	GlobalSection(SolutionConfigurationPlatforms) = preSolution
		Debug|Any CPU = Debug|Any CPU
		Release|Any CPU = Release|Any CPU
	EndGlobalSection
	GlobalSection(ProjectConfigurationPlatforms) = postSolution
		{B9FB4048-2753-4A4E-A4E5-EEF6F0289FB3}.Debug|Any CPU.ActiveCfg = Debug|Any CPU
		{B9FB4048-2753-4A4E-A4E5-EEF6F0289FB3}.Debug|Any CPU.Build.0 = Debug|Any CPU
		{B9FB4048-2753-4A4E-A4E5-EEF6F0289FB3}.Release|Any CPU.ActiveCfg = Release|Any CPU
		{B9FB4048-2753-4A4E-A4E5-EEF6F0289FB3}.Release|Any CPU.Build.0 = Release|Any CPU
		{51158A09-A669-4282-990C-E50B3BC05AB4}.Debug|Any CPU.ActiveCfg = Debug|Any CPU
		{51158A09-A669-4282-990C-E50B3BC05AB4}.Debug|Any CPU.Build.0 = Debug|Any CPU
		{51158A09-A669-4282-990C-E50B3BC05AB4}.Release|Any CPU.ActiveCfg = Release|Any CPU
		{51158A09-A669-4282-990C-E50B3BC05AB4}.Release|Any CPU.Build.0 = Release|Any CPU
	EndGlobalSection
	GlobalSection(SolutionProperties) = preSolution
		HideSolutionNode = FALSE
	EndGlobalSection
	GlobalSection(ExtensibilityGlobals) = postSolution
		SolutionGuid = {41F01D16-3F7F-424E-B4F2-90B66F859142}
	EndGlobalSection
EndGlobal
